// !$*UTF8*$!
{
	archiveVersion = 1;
	classes = {
	};
	objectVersion = 50;
	objects = {

/* Begin PBXBuildFile section */
		8845BA1222232257009F1A0B /* ViperBaseTableController.swift in Sources */ = {isa = PBXBuildFile; fileRef = 8845BA0D22232257009F1A0B /* ViperBaseTableController.swift */; };
		8845BA1322232257009F1A0B /* ViperBasePresenter.swift in Sources */ = {isa = PBXBuildFile; fileRef = 8845BA0E22232257009F1A0B /* ViperBasePresenter.swift */; };
		8845BA1422232257009F1A0B /* ViperBaseRouter.swift in Sources */ = {isa = PBXBuildFile; fileRef = 8845BA0F22232257009F1A0B /* ViperBaseRouter.swift */; };
		8845BA1522232257009F1A0B /* ViperBaseProtocols.swift in Sources */ = {isa = PBXBuildFile; fileRef = 8845BA1022232257009F1A0B /* ViperBaseProtocols.swift */; };
		8845BA1622232257009F1A0B /* ViperBaseInteractor.swift in Sources */ = {isa = PBXBuildFile; fileRef = 8845BA1122232257009F1A0B /* ViperBaseInteractor.swift */; };
		8845BA192223259E009F1A0B /* TableModel.swift in Sources */ = {isa = PBXBuildFile; fileRef = 8845BA182223259E009F1A0B /* TableModel.swift */; };
		8845BA1C222325D5009F1A0B /* TableSectionModel.swift in Sources */ = {isa = PBXBuildFile; fileRef = 8845BA1B222325D5009F1A0B /* TableSectionModel.swift */; };
		8845BA1F2223261E009F1A0B /* TableRowModel.swift in Sources */ = {isa = PBXBuildFile; fileRef = 8845BA1E2223261D009F1A0B /* TableRowModel.swift */; };
		8845BA222223267D009F1A0B /* TableCell.swift in Sources */ = {isa = PBXBuildFile; fileRef = 8845BA212223267D009F1A0B /* TableCell.swift */; };
		8845BA2422232900009F1A0B /* ComponentModel.swift in Sources */ = {isa = PBXBuildFile; fileRef = 8845BA2322232900009F1A0B /* ComponentModel.swift */; };
		886D191221ED0FB5009EF1A3 /* AppDelegate.swift in Sources */ = {isa = PBXBuildFile; fileRef = 886D191121ED0FB5009EF1A3 /* AppDelegate.swift */; };
		886D191921ED0FB6009EF1A3 /* Assets.xcassets in Resources */ = {isa = PBXBuildFile; fileRef = 886D191821ED0FB6009EF1A3 /* Assets.xcassets */; };
		886D191C21ED0FB6009EF1A3 /* LaunchScreen.storyboard in Resources */ = {isa = PBXBuildFile; fileRef = 886D191A21ED0FB6009EF1A3 /* LaunchScreen.storyboard */; };
		886D192B21ED1002009EF1A3 /* HomeTableController.swift in Sources */ = {isa = PBXBuildFile; fileRef = 886D192621ED1002009EF1A3 /* HomeTableController.swift */; };
		886D192C21ED1002009EF1A3 /* HomePresenter.swift in Sources */ = {isa = PBXBuildFile; fileRef = 886D192721ED1002009EF1A3 /* HomePresenter.swift */; };
		886D192D21ED1002009EF1A3 /* HomeRouter.swift in Sources */ = {isa = PBXBuildFile; fileRef = 886D192821ED1002009EF1A3 /* HomeRouter.swift */; };
		886D192E21ED1002009EF1A3 /* HomeProtocols.swift in Sources */ = {isa = PBXBuildFile; fileRef = 886D192921ED1002009EF1A3 /* HomeProtocols.swift */; };
		886D192F21ED1002009EF1A3 /* HomeInteractor.swift in Sources */ = {isa = PBXBuildFile; fileRef = 886D192A21ED1002009EF1A3 /* HomeInteractor.swift */; };
		88F6F1B722245B170022A433 /* HomeComponent.xib in Resources */ = {isa = PBXBuildFile; fileRef = 88F6F1B522245B170022A433 /* HomeComponent.xib */; };
		88F6F1B822245B170022A433 /* HomeComponent.swift in Sources */ = {isa = PBXBuildFile; fileRef = 88F6F1B622245B170022A433 /* HomeComponent.swift */; };
		88F6F1BE22245C650022A433 /* HomeV2TableController.swift in Sources */ = {isa = PBXBuildFile; fileRef = 88F6F1B922245C650022A433 /* HomeV2TableController.swift */; };
		88F6F1BF22245C650022A433 /* HomeV2Presenter.swift in Sources */ = {isa = PBXBuildFile; fileRef = 88F6F1BA22245C650022A433 /* HomeV2Presenter.swift */; };
		88F6F1C022245C650022A433 /* HomeV2Router.swift in Sources */ = {isa = PBXBuildFile; fileRef = 88F6F1BB22245C650022A433 /* HomeV2Router.swift */; };
		88F6F1C122245C650022A433 /* HomeV2Protocols.swift in Sources */ = {isa = PBXBuildFile; fileRef = 88F6F1BC22245C650022A433 /* HomeV2Protocols.swift */; };
		88F6F1C222245C650022A433 /* HomeV2Interactor.swift in Sources */ = {isa = PBXBuildFile; fileRef = 88F6F1BD22245C650022A433 /* HomeV2Interactor.swift */; };
		C99C59E926599BD3003260BD /* ContactDetailTableController.swift in Sources */ = {isa = PBXBuildFile; fileRef = C99C59E426599BD3003260BD /* ContactDetailTableController.swift */; };
		C99C59EA26599BD3003260BD /* ContactDetailRouter.swift in Sources */ = {isa = PBXBuildFile; fileRef = C99C59E526599BD3003260BD /* ContactDetailRouter.swift */; };
		C99C59EB26599BD3003260BD /* ContactDetailPresenter.swift in Sources */ = {isa = PBXBuildFile; fileRef = C99C59E626599BD3003260BD /* ContactDetailPresenter.swift */; };
		C99C59EC26599BD3003260BD /* ContactDetailProtocols.swift in Sources */ = {isa = PBXBuildFile; fileRef = C99C59E726599BD3003260BD /* ContactDetailProtocols.swift */; };
		C99C59ED26599BD3003260BD /* ContactDetailInteractor.swift in Sources */ = {isa = PBXBuildFile; fileRef = C99C59E826599BD3003260BD /* ContactDetailInteractor.swift */; };
		C99C59EF26599BF2003260BD /* Contact.swift in Sources */ = {isa = PBXBuildFile; fileRef = C99C59EE26599BF2003260BD /* Contact.swift */; };
/* End PBXBuildFile section */

/* Begin PBXFileReference section */
		8845BA0D22232257009F1A0B /* ViperBaseTableController.swift */ = {isa = PBXFileReference; lastKnownFileType = sourcecode.swift; path = ViperBaseTableController.swift; sourceTree = "<group>"; };
		8845BA0E22232257009F1A0B /* ViperBasePresenter.swift */ = {isa = PBXFileReference; lastKnownFileType = sourcecode.swift; path = ViperBasePresenter.swift; sourceTree = "<group>"; };
		8845BA0F22232257009F1A0B /* ViperBaseRouter.swift */ = {isa = PBXFileReference; lastKnownFileType = sourcecode.swift; path = ViperBaseRouter.swift; sourceTree = "<group>"; };
		8845BA1022232257009F1A0B /* ViperBaseProtocols.swift */ = {isa = PBXFileReference; lastKnownFileType = sourcecode.swift; path = ViperBaseProtocols.swift; sourceTree = "<group>"; };
		8845BA1122232257009F1A0B /* ViperBaseInteractor.swift */ = {isa = PBXFileReference; lastKnownFileType = sourcecode.swift; path = ViperBaseInteractor.swift; sourceTree = "<group>"; };
		8845BA182223259E009F1A0B /* TableModel.swift */ = {isa = PBXFileReference; lastKnownFileType = sourcecode.swift; path = TableModel.swift; sourceTree = "<group>"; };
		8845BA1B222325D5009F1A0B /* TableSectionModel.swift */ = {isa = PBXFileReference; lastKnownFileType = sourcecode.swift; path = TableSectionModel.swift; sourceTree = "<group>"; };
		8845BA1E2223261D009F1A0B /* TableRowModel.swift */ = {isa = PBXFileReference; lastKnownFileType = sourcecode.swift; path = TableRowModel.swift; sourceTree = "<group>"; };
		8845BA212223267D009F1A0B /* TableCell.swift */ = {isa = PBXFileReference; lastKnownFileType = sourcecode.swift; path = TableCell.swift; sourceTree = "<group>"; };
		8845BA2322232900009F1A0B /* ComponentModel.swift */ = {isa = PBXFileReference; lastKnownFileType = sourcecode.swift; path = ComponentModel.swift; sourceTree = "<group>"; };
		886D190E21ED0FB5009EF1A3 /* ContactiOS.app */ = {isa = PBXFileReference; explicitFileType = wrapper.application; includeInIndex = 0; path = ContactiOS.app; sourceTree = BUILT_PRODUCTS_DIR; };
		886D191121ED0FB5009EF1A3 /* AppDelegate.swift */ = {isa = PBXFileReference; lastKnownFileType = sourcecode.swift; path = AppDelegate.swift; sourceTree = "<group>"; };
		886D191821ED0FB6009EF1A3 /* Assets.xcassets */ = {isa = PBXFileReference; lastKnownFileType = folder.assetcatalog; path = Assets.xcassets; sourceTree = "<group>"; };
		886D191B21ED0FB6009EF1A3 /* Base */ = {isa = PBXFileReference; lastKnownFileType = file.storyboard; name = Base; path = Base.lproj/LaunchScreen.storyboard; sourceTree = "<group>"; };
		886D191D21ED0FB6009EF1A3 /* Info.plist */ = {isa = PBXFileReference; lastKnownFileType = text.plist.xml; path = Info.plist; sourceTree = "<group>"; };
		886D192621ED1002009EF1A3 /* HomeTableController.swift */ = {isa = PBXFileReference; lastKnownFileType = sourcecode.swift; path = HomeTableController.swift; sourceTree = "<group>"; };
		886D192721ED1002009EF1A3 /* HomePresenter.swift */ = {isa = PBXFileReference; lastKnownFileType = sourcecode.swift; path = HomePresenter.swift; sourceTree = "<group>"; };
		886D192821ED1002009EF1A3 /* HomeRouter.swift */ = {isa = PBXFileReference; lastKnownFileType = sourcecode.swift; path = HomeRouter.swift; sourceTree = "<group>"; };
		886D192921ED1002009EF1A3 /* HomeProtocols.swift */ = {isa = PBXFileReference; lastKnownFileType = sourcecode.swift; path = HomeProtocols.swift; sourceTree = "<group>"; };
		886D192A21ED1002009EF1A3 /* HomeInteractor.swift */ = {isa = PBXFileReference; lastKnownFileType = sourcecode.swift; path = HomeInteractor.swift; sourceTree = "<group>"; };
		88F6F1B522245B170022A433 /* HomeComponent.xib */ = {isa = PBXFileReference; lastKnownFileType = file.xib; path = HomeComponent.xib; sourceTree = "<group>"; };
		88F6F1B622245B170022A433 /* HomeComponent.swift */ = {isa = PBXFileReference; lastKnownFileType = sourcecode.swift; path = HomeComponent.swift; sourceTree = "<group>"; };
		88F6F1B922245C650022A433 /* HomeV2TableController.swift */ = {isa = PBXFileReference; lastKnownFileType = sourcecode.swift; path = HomeV2TableController.swift; sourceTree = "<group>"; };
		88F6F1BA22245C650022A433 /* HomeV2Presenter.swift */ = {isa = PBXFileReference; lastKnownFileType = sourcecode.swift; path = HomeV2Presenter.swift; sourceTree = "<group>"; };
		88F6F1BB22245C650022A433 /* HomeV2Router.swift */ = {isa = PBXFileReference; lastKnownFileType = sourcecode.swift; path = HomeV2Router.swift; sourceTree = "<group>"; };
		88F6F1BC22245C650022A433 /* HomeV2Protocols.swift */ = {isa = PBXFileReference; lastKnownFileType = sourcecode.swift; path = HomeV2Protocols.swift; sourceTree = "<group>"; };
		88F6F1BD22245C650022A433 /* HomeV2Interactor.swift */ = {isa = PBXFileReference; lastKnownFileType = sourcecode.swift; path = HomeV2Interactor.swift; sourceTree = "<group>"; };
		C99C59E426599BD3003260BD /* ContactDetailTableController.swift */ = {isa = PBXFileReference; fileEncoding = 4; lastKnownFileType = sourcecode.swift; path = ContactDetailTableController.swift; sourceTree = "<group>"; };
		C99C59E526599BD3003260BD /* ContactDetailRouter.swift */ = {isa = PBXFileReference; fileEncoding = 4; lastKnownFileType = sourcecode.swift; path = ContactDetailRouter.swift; sourceTree = "<group>"; };
		C99C59E626599BD3003260BD /* ContactDetailPresenter.swift */ = {isa = PBXFileReference; fileEncoding = 4; lastKnownFileType = sourcecode.swift; path = ContactDetailPresenter.swift; sourceTree = "<group>"; };
		C99C59E726599BD3003260BD /* ContactDetailProtocols.swift */ = {isa = PBXFileReference; fileEncoding = 4; lastKnownFileType = sourcecode.swift; path = ContactDetailProtocols.swift; sourceTree = "<group>"; };
		C99C59E826599BD3003260BD /* ContactDetailInteractor.swift */ = {isa = PBXFileReference; fileEncoding = 4; lastKnownFileType = sourcecode.swift; path = ContactDetailInteractor.swift; sourceTree = "<group>"; };
		C99C59EE26599BF2003260BD /* Contact.swift */ = {isa = PBXFileReference; fileEncoding = 4; lastKnownFileType = sourcecode.swift; path = Contact.swift; sourceTree = "<group>"; };
/* End PBXFileReference section */

/* Begin PBXFrameworksBuildPhase section */
		886D190B21ED0FB5009EF1A3 /* Frameworks */ = {
			isa = PBXFrameworksBuildPhase;
			buildActionMask = 2147483647;
			files = (
			);
			runOnlyForDeploymentPostprocessing = 0;
		};
/* End PBXFrameworksBuildPhase section */

/* Begin PBXGroup section */
		8845BA0B222321C2009F1A0B /* Home V2 */ = {
			isa = PBXGroup;
			children = (
				88F6F1BD22245C650022A433 /* HomeV2Interactor.swift */,
				88F6F1BA22245C650022A433 /* HomeV2Presenter.swift */,
				88F6F1BC22245C650022A433 /* HomeV2Protocols.swift */,
				88F6F1BB22245C650022A433 /* HomeV2Router.swift */,
				88F6F1B922245C650022A433 /* HomeV2TableController.swift */,
			);
			path = "Home V2";
			sourceTree = "<group>";
		};
		8845BA0C22232211009F1A0B /* Viper Base */ = {
			isa = PBXGroup;
			children = (
				8845BA1722232595009F1A0B /* Models */,
				8845BA1122232257009F1A0B /* ViperBaseInteractor.swift */,
				8845BA0E22232257009F1A0B /* ViperBasePresenter.swift */,
				8845BA1022232257009F1A0B /* ViperBaseProtocols.swift */,
				8845BA0F22232257009F1A0B /* ViperBaseRouter.swift */,
				8845BA0D22232257009F1A0B /* ViperBaseTableController.swift */,
			);
			path = "Viper Base";
			sourceTree = "<group>";
		};
		8845BA1722232595009F1A0B /* Models */ = {
			isa = PBXGroup;
			children = (
				8845BA2322232900009F1A0B /* ComponentModel.swift */,
				8845BA212223267D009F1A0B /* TableCell.swift */,
				8845BA182223259E009F1A0B /* TableModel.swift */,
				8845BA1E2223261D009F1A0B /* TableRowModel.swift */,
				8845BA1B222325D5009F1A0B /* TableSectionModel.swift */,
			);
			path = Models;
			sourceTree = "<group>";
		};
		8845BA2522232C27009F1A0B /* Components */ = {
			isa = PBXGroup;
			children = (
				8845BA2622232C35009F1A0B /* Home Component */,
			);
			path = Components;
			sourceTree = "<group>";
		};
		8845BA2622232C35009F1A0B /* Home Component */ = {
			isa = PBXGroup;
			children = (
				88F6F1B622245B170022A433 /* HomeComponent.swift */,
				88F6F1B522245B170022A433 /* HomeComponent.xib */,
			);
			path = "Home Component";
			sourceTree = "<group>";
		};
		886D190521ED0FB5009EF1A3 = {
			isa = PBXGroup;
			children = (
				886D191021ED0FB5009EF1A3 /* ContactiOS */,
				886D190F21ED0FB5009EF1A3 /* Products */,
			);
			sourceTree = "<group>";
		};
		886D190F21ED0FB5009EF1A3 /* Products */ = {
			isa = PBXGroup;
			children = (
				886D190E21ED0FB5009EF1A3 /* ContactiOS.app */,
			);
			name = Products;
			sourceTree = "<group>";
		};
		886D191021ED0FB5009EF1A3 /* ContactiOS */ = {
			isa = PBXGroup;
			children = (
				886D191D21ED0FB6009EF1A3 /* Info.plist */,
				8845BA2522232C27009F1A0B /* Components */,
				88CA6E2E21F8544600071F9F /* Models */,
				886D192321ED0FD9009EF1A3 /* Supports */,
				886D192421ED0FDF009EF1A3 /* UI */,
				8845BA0C22232211009F1A0B /* Viper Base */,
			);
			path = ContactiOS;
			sourceTree = "<group>";
		};
		886D192321ED0FD9009EF1A3 /* Supports */ = {
			isa = PBXGroup;
			children = (
				886D191121ED0FB5009EF1A3 /* AppDelegate.swift */,
				886D191821ED0FB6009EF1A3 /* Assets.xcassets */,
				886D191A21ED0FB6009EF1A3 /* LaunchScreen.storyboard */,
			);
			path = Supports;
			sourceTree = "<group>";
		};
		886D192421ED0FDF009EF1A3 /* UI */ = {
			isa = PBXGroup;
			children = (
				C99C59E326599BD3003260BD /* ContactDetail */,
				886D192521ED0FE4009EF1A3 /* Home */,
				8845BA0B222321C2009F1A0B /* Home V2 */,
			);
			path = UI;
			sourceTree = "<group>";
		};
		886D192521ED0FE4009EF1A3 /* Home */ = {
			isa = PBXGroup;
			children = (
				886D192A21ED1002009EF1A3 /* HomeInteractor.swift */,
				886D192721ED1002009EF1A3 /* HomePresenter.swift */,
				886D192921ED1002009EF1A3 /* HomeProtocols.swift */,
				886D192821ED1002009EF1A3 /* HomeRouter.swift */,
				886D192621ED1002009EF1A3 /* HomeTableController.swift */,
			);
			path = Home;
			sourceTree = "<group>";
		};
		88CA6E2E21F8544600071F9F /* Models */ = {
			isa = PBXGroup;
			children = (
				C99C59EE26599BF2003260BD /* Contact.swift */,
			);
			path = Models;
			sourceTree = "<group>";
		};
		C99C59E326599BD3003260BD /* ContactDetail */ = {
			isa = PBXGroup;
			children = (
				C99C59E826599BD3003260BD /* ContactDetailInteractor.swift */,
				C99C59E626599BD3003260BD /* ContactDetailPresenter.swift */,
				C99C59E726599BD3003260BD /* ContactDetailProtocols.swift */,
				C99C59E526599BD3003260BD /* ContactDetailRouter.swift */,
				C99C59E426599BD3003260BD /* ContactDetailTableController.swift */,
			);
			path = ContactDetail;
			sourceTree = "<group>";
		};
/* End PBXGroup section */

/* Begin PBXNativeTarget section */
		886D190D21ED0FB5009EF1A3 /* ContactiOS */ = {
			isa = PBXNativeTarget;
			buildConfigurationList = 886D192021ED0FB6009EF1A3 /* Build configuration list for PBXNativeTarget "ContactiOS" */;
			buildPhases = (
				886D190A21ED0FB5009EF1A3 /* Sources */,
				886D190B21ED0FB5009EF1A3 /* Frameworks */,
				886D190C21ED0FB5009EF1A3 /* Resources */,
			);
			buildRules = (
			);
			dependencies = (
			);
			name = ContactiOS;
			productName = ContactiOS;
			productReference = 886D190E21ED0FB5009EF1A3 /* ContactiOS.app */;
			productType = "com.apple.product-type.application";
		};
/* End PBXNativeTarget section */

/* Begin PBXProject section */
		886D190621ED0FB5009EF1A3 /* Project object */ = {
			isa = PBXProject;
			attributes = {
				LastSwiftUpdateCheck = 1010;
				LastUpgradeCheck = 1010;
				ORGANIZATIONNAME = "Yusuf Demirci";
				TargetAttributes = {
					886D190D21ED0FB5009EF1A3 = {
						CreatedOnToolsVersion = 10.1;
					};
				};
			};
			buildConfigurationList = 886D190921ED0FB5009EF1A3 /* Build configuration list for PBXProject "ContactiOS" */;
			compatibilityVersion = "Xcode 9.3";
			developmentRegion = en;
			hasScannedForEncodings = 0;
			knownRegions = (
				en,
				Base,
			);
			mainGroup = 886D190521ED0FB5009EF1A3;
			productRefGroup = 886D190F21ED0FB5009EF1A3 /* Products */;
			projectDirPath = "";
			projectRoot = "";
			targets = (
				886D190D21ED0FB5009EF1A3 /* ContactiOS */,
			);
		};
/* End PBXProject section */

/* Begin PBXResourcesBuildPhase section */
		886D190C21ED0FB5009EF1A3 /* Resources */ = {
			isa = PBXResourcesBuildPhase;
			buildActionMask = 2147483647;
			files = (
				886D191C21ED0FB6009EF1A3 /* LaunchScreen.storyboard in Resources */,
				886D191921ED0FB6009EF1A3 /* Assets.xcassets in Resources */,
				88F6F1B722245B170022A433 /* HomeComponent.xib in Resources */,
			);
			runOnlyForDeploymentPostprocessing = 0;
		};
/* End PBXResourcesBuildPhase section */

/* Begin PBXSourcesBuildPhase section */
		886D190A21ED0FB5009EF1A3 /* Sources */ = {
			isa = PBXSourcesBuildPhase;
			buildActionMask = 2147483647;
			files = (
				C99C59EB26599BD3003260BD /* ContactDetailPresenter.swift in Sources */,
				8845BA1422232257009F1A0B /* ViperBaseRouter.swift in Sources */,
				88F6F1C022245C650022A433 /* HomeV2Router.swift in Sources */,
				886D192C21ED1002009EF1A3 /* HomePresenter.swift in Sources */,
				88F6F1BE22245C650022A433 /* HomeV2TableController.swift in Sources */,
				88F6F1C222245C650022A433 /* HomeV2Interactor.swift in Sources */,
				88F6F1C122245C650022A433 /* HomeV2Protocols.swift in Sources */,
				8845BA222223267D009F1A0B /* TableCell.swift in Sources */,
				8845BA1F2223261E009F1A0B /* TableRowModel.swift in Sources */,
				886D192E21ED1002009EF1A3 /* HomeProtocols.swift in Sources */,
				C99C59ED26599BD3003260BD /* ContactDetailInteractor.swift in Sources */,
				C99C59EC26599BD3003260BD /* ContactDetailProtocols.swift in Sources */,
				886D192D21ED1002009EF1A3 /* HomeRouter.swift in Sources */,
				886D192F21ED1002009EF1A3 /* HomeInteractor.swift in Sources */,
				886D191221ED0FB5009EF1A3 /* AppDelegate.swift in Sources */,
				8845BA192223259E009F1A0B /* TableModel.swift in Sources */,
				88F6F1BF22245C650022A433 /* HomeV2Presenter.swift in Sources */,
				886D192B21ED1002009EF1A3 /* HomeTableController.swift in Sources */,
				8845BA1522232257009F1A0B /* ViperBaseProtocols.swift in Sources */,
				C99C59E926599BD3003260BD /* ContactDetailTableController.swift in Sources */,
				C99C59EF26599BF2003260BD /* Contact.swift in Sources */,
				8845BA1322232257009F1A0B /* ViperBasePresenter.swift in Sources */,
				8845BA1222232257009F1A0B /* ViperBaseTableController.swift in Sources */,
				8845BA2422232900009F1A0B /* ComponentModel.swift in Sources */,
				88F6F1B822245B170022A433 /* HomeComponent.swift in Sources */,
				8845BA1C222325D5009F1A0B /* TableSectionModel.swift in Sources */,
				8845BA1622232257009F1A0B /* ViperBaseInteractor.swift in Sources */,
				C99C59EA26599BD3003260BD /* ContactDetailRouter.swift in Sources */,
			);
			runOnlyForDeploymentPostprocessing = 0;
		};
/* End PBXSourcesBuildPhase section */

/* Begin PBXVariantGroup section */
		886D191A21ED0FB6009EF1A3 /* LaunchScreen.storyboard */ = {
			isa = PBXVariantGroup;
			children = (
				886D191B21ED0FB6009EF1A3 /* Base */,
			);
			name = LaunchScreen.storyboard;
			sourceTree = "<group>";
		};
/* End PBXVariantGroup section */

/* Begin XCBuildConfiguration section */
		886D191E21ED0FB6009EF1A3 /* Debug */ = {
			isa = XCBuildConfiguration;
			buildSettings = {
				ALWAYS_SEARCH_USER_PATHS = NO;
				CLANG_ANALYZER_NONNULL = YES;
				CLANG_ANALYZER_NUMBER_OBJECT_CONVERSION = YES_AGGRESSIVE;
				CLANG_CXX_LANGUAGE_STANDARD = "gnu++14";
				CLANG_CXX_LIBRARY = "libc++";
				CLANG_ENABLE_MODULES = YES;
				CLANG_ENABLE_OBJC_ARC = YES;
				CLANG_ENABLE_OBJC_WEAK = YES;
				CLANG_WARN_BLOCK_CAPTURE_AUTORELEASING = YES;
				CLANG_WARN_BOOL_CONVERSION = YES;
				CLANG_WARN_COMMA = YES;
				CLANG_WARN_CONSTANT_CONVERSION = YES;
				CLANG_WARN_DEPRECATED_OBJC_IMPLEMENTATIONS = YES;
				CLANG_WARN_DIRECT_OBJC_ISA_USAGE = YES_ERROR;
				CLANG_WARN_DOCUMENTATION_COMMENTS = YES;
				CLANG_WARN_EMPTY_BODY = YES;
				CLANG_WARN_ENUM_CONVERSION = YES;
				CLANG_WARN_INFINITE_RECURSION = YES;
				CLANG_WARN_INT_CONVERSION = YES;
				CLANG_WARN_NON_LITERAL_NULL_CONVERSION = YES;
				CLANG_WARN_OBJC_IMPLICIT_RETAIN_SELF = YES;
				CLANG_WARN_OBJC_LITERAL_CONVERSION = YES;
				CLANG_WARN_OBJC_ROOT_CLASS = YES_ERROR;
				CLANG_WARN_RANGE_LOOP_ANALYSIS = YES;
				CLANG_WARN_STRICT_PROTOTYPES = YES;
				CLANG_WARN_SUSPICIOUS_MOVE = YES;
				CLANG_WARN_UNGUARDED_AVAILABILITY = YES_AGGRESSIVE;
				CLANG_WARN_UNREACHABLE_CODE = YES;
				CLANG_WARN__DUPLICATE_METHOD_MATCH = YES;
				CODE_SIGN_IDENTITY = "iPhone Developer";
				COPY_PHASE_STRIP = NO;
				DEBUG_INFORMATION_FORMAT = dwarf;
				ENABLE_STRICT_OBJC_MSGSEND = YES;
				ENABLE_TESTABILITY = YES;
				GCC_C_LANGUAGE_STANDARD = gnu11;
				GCC_DYNAMIC_NO_PIC = NO;
				GCC_NO_COMMON_BLOCKS = YES;
				GCC_OPTIMIZATION_LEVEL = 0;
				GCC_PREPROCESSOR_DEFINITIONS = (
					"DEBUG=1",
					"$(inherited)",
				);
				GCC_WARN_64_TO_32_BIT_CONVERSION = YES;
				GCC_WARN_ABOUT_RETURN_TYPE = YES_ERROR;
				GCC_WARN_UNDECLARED_SELECTOR = YES;
				GCC_WARN_UNINITIALIZED_AUTOS = YES_AGGRESSIVE;
				GCC_WARN_UNUSED_FUNCTION = YES;
				GCC_WARN_UNUSED_VARIABLE = YES;
				IPHONEOS_DEPLOYMENT_TARGET = 12.1;
				MTL_ENABLE_DEBUG_INFO = INCLUDE_SOURCE;
				MTL_FAST_MATH = YES;
				ONLY_ACTIVE_ARCH = YES;
				SDKROOT = iphoneos;
				SWIFT_ACTIVE_COMPILATION_CONDITIONS = DEBUG;
				SWIFT_OPTIMIZATION_LEVEL = "-Onone";
			};
			name = Debug;
		};
		886D191F21ED0FB6009EF1A3 /* Release */ = {
			isa = XCBuildConfiguration;
			buildSettings = {
				ALWAYS_SEARCH_USER_PATHS = NO;
				CLANG_ANALYZER_NONNULL = YES;
				CLANG_ANALYZER_NUMBER_OBJECT_CONVERSION = YES_AGGRESSIVE;
				CLANG_CXX_LANGUAGE_STANDARD = "gnu++14";
				CLANG_CXX_LIBRARY = "libc++";
				CLANG_ENABLE_MODULES = YES;
				CLANG_ENABLE_OBJC_ARC = YES;
				CLANG_ENABLE_OBJC_WEAK = YES;
				CLANG_WARN_BLOCK_CAPTURE_AUTORELEASING = YES;
				CLANG_WARN_BOOL_CONVERSION = YES;
				CLANG_WARN_COMMA = YES;
				CLANG_WARN_CONSTANT_CONVERSION = YES;
				CLANG_WARN_DEPRECATED_OBJC_IMPLEMENTATIONS = YES;
				CLANG_WARN_DIRECT_OBJC_ISA_USAGE = YES_ERROR;
				CLANG_WARN_DOCUMENTATION_COMMENTS = YES;
				CLANG_WARN_EMPTY_BODY = YES;
				CLANG_WARN_ENUM_CONVERSION = YES;
				CLANG_WARN_INFINITE_RECURSION = YES;
				CLANG_WARN_INT_CONVERSION = YES;
				CLANG_WARN_NON_LITERAL_NULL_CONVERSION = YES;
				CLANG_WARN_OBJC_IMPLICIT_RETAIN_SELF = YES;
				CLANG_WARN_OBJC_LITERAL_CONVERSION = YES;
				CLANG_WARN_OBJC_ROOT_CLASS = YES_ERROR;
				CLANG_WARN_RANGE_LOOP_ANALYSIS = YES;
				CLANG_WARN_STRICT_PROTOTYPES = YES;
				CLANG_WARN_SUSPICIOUS_MOVE = YES;
				CLANG_WARN_UNGUARDED_AVAILABILITY = YES_AGGRESSIVE;
				CLANG_WARN_UNREACHABLE_CODE = YES;
				CLANG_WARN__DUPLICATE_METHOD_MATCH = YES;
				CODE_SIGN_IDENTITY = "iPhone Developer";
				COPY_PHASE_STRIP = NO;
				DEBUG_INFORMATION_FORMAT = "dwarf-with-dsym";
				ENABLE_NS_ASSERTIONS = NO;
				ENABLE_STRICT_OBJC_MSGSEND = YES;
				GCC_C_LANGUAGE_STANDARD = gnu11;
				GCC_NO_COMMON_BLOCKS = YES;
				GCC_WARN_64_TO_32_BIT_CONVERSION = YES;
				GCC_WARN_ABOUT_RETURN_TYPE = YES_ERROR;
				GCC_WARN_UNDECLARED_SELECTOR = YES;
				GCC_WARN_UNINITIALIZED_AUTOS = YES_AGGRESSIVE;
				GCC_WARN_UNUSED_FUNCTION = YES;
				GCC_WARN_UNUSED_VARIABLE = YES;
				IPHONEOS_DEPLOYMENT_TARGET = 12.1;
				MTL_ENABLE_DEBUG_INFO = NO;
				MTL_FAST_MATH = YES;
				SDKROOT = iphoneos;
				SWIFT_COMPILATION_MODE = wholemodule;
				SWIFT_OPTIMIZATION_LEVEL = "-O";
				VALIDATE_PRODUCT = YES;
			};
			name = Release;
		};
		886D192121ED0FB6009EF1A3 /* Debug */ = {
			isa = XCBuildConfiguration;
			buildSettings = {
				ASSETCATALOG_COMPILER_APPICON_NAME = AppIcon;
				CODE_SIGN_STYLE = Automatic;
				DEVELOPMENT_TEAM = WL6ERJVJSX;
				INFOPLIST_FILE = ContactiOS/Info.plist;
				LD_RUNPATH_SEARCH_PATHS = (
					"$(inherited)",
					"@executable_path/Frameworks",
				);
				PRODUCT_BUNDLE_IDENTIFIER = com.demirciy.ContactiOS;
				PRODUCT_NAME = "$(TARGET_NAME)";
				SWIFT_VERSION = 4.2;
				TARGETED_DEVICE_FAMILY = "1,2";
			};
			name = Debug;
		};
		886D192221ED0FB6009EF1A3 /* Release */ = {
			isa = XCBuildConfiguration;
			buildSettings = {
				ASSETCATALOG_COMPILER_APPICON_NAME = AppIcon;
				CODE_SIGN_STYLE = Automatic;
				DEVELOPMENT_TEAM = WL6ERJVJSX;
				INFOPLIST_FILE = ContactiOS/Info.plist;
				LD_RUNPATH_SEARCH_PATHS = (
					"$(inherited)",
					"@executable_path/Frameworks",
				);
				PRODUCT_BUNDLE_IDENTIFIER = com.demirciy.ContactiOS;
				PRODUCT_NAME = "$(TARGET_NAME)";
				SWIFT_VERSION = 4.2;
				TARGETED_DEVICE_FAMILY = "1,2";
			};
			name = Release;
		};
/* End XCBuildConfiguration section */

/* Begin XCConfigurationList section */
		886D190921ED0FB5009EF1A3 /* Build configuration list for PBXProject "ContactiOS" */ = {
			isa = XCConfigurationList;
			buildConfigurations = (
				886D191E21ED0FB6009EF1A3 /* Debug */,
				886D191F21ED0FB6009EF1A3 /* Release */,
			);
			defaultConfigurationIsVisible = 0;
			defaultConfigurationName = Release;
		};
		886D192021ED0FB6009EF1A3 /* Build configuration list for PBXNativeTarget "ContactiOS" */ = {
			isa = XCConfigurationList;
			buildConfigurations = (
				886D192121ED0FB6009EF1A3 /* Debug */,
				886D192221ED0FB6009EF1A3 /* Release */,
			);
			defaultConfigurationIsVisible = 0;
			defaultConfigurationName = Release;
		};
/* End XCConfigurationList section */
	};
	rootObject = 886D190621ED0FB5009EF1A3 /* Project object */;
}
